// !$*UTF8*$!
{
	archiveVersion = 1;
	classes = {
	};
	objectVersion = 46;
	objects = {

/* Begin PBXBuildFile section */
		D0C011E61D31900300488AE2 /* AppDelegate.swift in Sources */ = {isa = PBXBuildFile; fileRef = D0C011E51D31900300488AE2 /* AppDelegate.swift */; };
		D0C011E81D31900300488AE2 /* ViewController.swift in Sources */ = {isa = PBXBuildFile; fileRef = D0C011E71D31900300488AE2 /* ViewController.swift */; };
		D0C011EB1D31900300488AE2 /* Main.storyboard in Resources */ = {isa = PBXBuildFile; fileRef = D0C011E91D31900300488AE2 /* Main.storyboard */; };
		D0C011ED1D31900300488AE2 /* Assets.xcassets in Resources */ = {isa = PBXBuildFile; fileRef = D0C011EC1D31900300488AE2 /* Assets.xcassets */; };
		D0C011F01D31900300488AE2 /* LaunchScreen.storyboard in Resources */ = {isa = PBXBuildFile; fileRef = D0C011EE1D31900300488AE2 /* LaunchScreen.storyboard */; };
		D0C011FB1D31900300488AE2 /* CoachPalTests.swift in Sources */ = {isa = PBXBuildFile; fileRef = D0C011FA1D31900300488AE2 /* CoachPalTests.swift */; };
		D0C012061D31900300488AE2 /* CoachPalUITests.swift in Sources */ = {isa = PBXBuildFile; fileRef = D0C012051D31900300488AE2 /* CoachPalUITests.swift */; };
/* End PBXBuildFile section */

/* Begin PBXContainerItemProxy section */
		D0C011F71D31900300488AE2 /* PBXContainerItemProxy */ = {
			isa = PBXContainerItemProxy;
			containerPortal = D0C011DA1D31900300488AE2 /* Project object */;
			proxyType = 1;
			remoteGlobalIDString = D0C011E11D31900300488AE2;
			remoteInfo = CoachPal;
		};
		D0C012021D31900300488AE2 /* PBXContainerItemProxy */ = {
			isa = PBXContainerItemProxy;
			containerPortal = D0C011DA1D31900300488AE2 /* Project object */;
			proxyType = 1;
			remoteGlobalIDString = D0C011E11D31900300488AE2;
			remoteInfo = CoachPal;
		};
/* End PBXContainerItemProxy section */

/* Begin PBXFileReference section */
		D0C011E21D31900300488AE2 /* CoachPal.app */ = {isa = PBXFileReference; explicitFileType = wrapper.application; includeInIndex = 0; path = CoachPal.app; sourceTree = BUILT_PRODUCTS_DIR; };
		D0C011E51D31900300488AE2 /* AppDelegate.swift */ = {isa = PBXFileReference; lastKnownFileType = sourcecode.swift; path = AppDelegate.swift; sourceTree = "<group>"; };
		D0C011E71D31900300488AE2 /* ViewController.swift */ = {isa = PBXFileReference; lastKnownFileType = sourcecode.swift; path = ViewController.swift; sourceTree = "<group>"; };
		D0C011EA1D31900300488AE2 /* Base */ = {isa = PBXFileReference; lastKnownFileType = file.storyboard; name = Base; path = Base.lproj/Main.storyboard; sourceTree = "<group>"; };
		D0C011EC1D31900300488AE2 /* Assets.xcassets */ = {isa = PBXFileReference; lastKnownFileType = folder.assetcatalog; path = Assets.xcassets; sourceTree = "<group>"; };
		D0C011EF1D31900300488AE2 /* Base */ = {isa = PBXFileReference; lastKnownFileType = file.storyboard; name = Base; path = Base.lproj/LaunchScreen.storyboard; sourceTree = "<group>"; };
		D0C011F11D31900300488AE2 /* Info.plist */ = {isa = PBXFileReference; lastKnownFileType = text.plist.xml; path = Info.plist; sourceTree = "<group>"; };
		D0C011F61D31900300488AE2 /* CoachPalTests.xctest */ = {isa = PBXFileReference; explicitFileType = wrapper.cfbundle; includeInIndex = 0; path = CoachPalTests.xctest; sourceTree = BUILT_PRODUCTS_DIR; };
		D0C011FA1D31900300488AE2 /* CoachPalTests.swift */ = {isa = PBXFileReference; lastKnownFileType = sourcecode.swift; path = CoachPalTests.swift; sourceTree = "<group>"; };
		D0C011FC1D31900300488AE2 /* Info.plist */ = {isa = PBXFileReference; lastKnownFileType = text.plist.xml; path = Info.plist; sourceTree = "<group>"; };
		D0C012011D31900300488AE2 /* CoachPalUITests.xctest */ = {isa = PBXFileReference; explicitFileType = wrapper.cfbundle; includeInIndex = 0; path = CoachPalUITests.xctest; sourceTree = BUILT_PRODUCTS_DIR; };
		D0C012051D31900300488AE2 /* CoachPalUITests.swift */ = {isa = PBXFileReference; lastKnownFileType = sourcecode.swift; path = CoachPalUITests.swift; sourceTree = "<group>"; };
		D0C012071D31900300488AE2 /* Info.plist */ = {isa = PBXFileReference; lastKnownFileType = text.plist.xml; path = Info.plist; sourceTree = "<group>"; };
/* End PBXFileReference section */

/* Begin PBXFrameworksBuildPhase section */
		D0C011DF1D31900300488AE2 /* Frameworks */ = {
			isa = PBXFrameworksBuildPhase;
			buildActionMask = 2147483647;
			files = (
			);
			runOnlyForDeploymentPostprocessing = 0;
		};
		D0C011F31D31900300488AE2 /* Frameworks */ = {
			isa = PBXFrameworksBuildPhase;
			buildActionMask = 2147483647;
			files = (
			);
			runOnlyForDeploymentPostprocessing = 0;
		};
		D0C011FE1D31900300488AE2 /* Frameworks */ = {
			isa = PBXFrameworksBuildPhase;
			buildActionMask = 2147483647;
			files = (
			);
			runOnlyForDeploymentPostprocessing = 0;
		};
/* End PBXFrameworksBuildPhase section */

/* Begin PBXGroup section */
		D0C011D91D31900300488AE2 = {
			isa = PBXGroup;
			children = (
				D0C011E41D31900300488AE2 /* CoachPal */,
				D0C011F91D31900300488AE2 /* CoachPalTests */,
				D0C012041D31900300488AE2 /* CoachPalUITests */,
				D0C011E31D31900300488AE2 /* Products */,
			);
			sourceTree = "<group>";
		};
		D0C011E31D31900300488AE2 /* Products */ = {
			isa = PBXGroup;
			children = (
				D0C011E21D31900300488AE2 /* CoachPal.app */,
				D0C011F61D31900300488AE2 /* CoachPalTests.xctest */,
				D0C012011D31900300488AE2 /* CoachPalUITests.xctest */,
			);
			name = Products;
			sourceTree = "<group>";
		};
		D0C011E41D31900300488AE2 /* CoachPal */ = {
			isa = PBXGroup;
			children = (
				D0C011E51D31900300488AE2 /* AppDelegate.swift */,
				D0C011E71D31900300488AE2 /* ViewController.swift */,
				D0C011E91D31900300488AE2 /* Main.storyboard */,
				D0C011EC1D31900300488AE2 /* Assets.xcassets */,
				D0C011EE1D31900300488AE2 /* LaunchScreen.storyboard */,
				D0C011F11D31900300488AE2 /* Info.plist */,
			);
			path = CoachPal;
			sourceTree = "<group>";
		};
		D0C011F91D31900300488AE2 /* CoachPalTests */ = {
			isa = PBXGroup;
			children = (
				D0C011FA1D31900300488AE2 /* CoachPalTests.swift */,
				D0C011FC1D31900300488AE2 /* Info.plist */,
			);
			path = CoachPalTests;
			sourceTree = "<group>";
		};
		D0C012041D31900300488AE2 /* CoachPalUITests */ = {
			isa = PBXGroup;
			children = (
				D0C012051D31900300488AE2 /* CoachPalUITests.swift */,
				D0C012071D31900300488AE2 /* Info.plist */,
			);
			path = CoachPalUITests;
			sourceTree = "<group>";
		};
/* End PBXGroup section */

/* Begin PBXNativeTarget section */
		D0C011E11D31900300488AE2 /* CoachPal */ = {
			isa = PBXNativeTarget;
			buildConfigurationList = D0C0120A1D31900300488AE2 /* Build configuration list for PBXNativeTarget "CoachPal" */;
			buildPhases = (
				D0C011DE1D31900300488AE2 /* Sources */,
				D0C011DF1D31900300488AE2 /* Frameworks */,
				D0C011E01D31900300488AE2 /* Resources */,
			);
			buildRules = (
			);
			dependencies = (
			);
			name = CoachPal;
			productName = CoachPal;
			productReference = D0C011E21D31900300488AE2 /* CoachPal.app */;
			productType = "com.apple.product-type.application";
		};
		D0C011F51D31900300488AE2 /* CoachPalTests */ = {
			isa = PBXNativeTarget;
			buildConfigurationList = D0C0120D1D31900300488AE2 /* Build configuration list for PBXNativeTarget "CoachPalTests" */;
			buildPhases = (
				D0C011F21D31900300488AE2 /* Sources */,
				D0C011F31D31900300488AE2 /* Frameworks */,
				D0C011F41D31900300488AE2 /* Resources */,
			);
			buildRules = (
			);
			dependencies = (
				D0C011F81D31900300488AE2 /* PBXTargetDependency */,
			);
			name = CoachPalTests;
			productName = CoachPalTests;
			productReference = D0C011F61D31900300488AE2 /* CoachPalTests.xctest */;
			productType = "com.apple.product-type.bundle.unit-test";
		};
		D0C012001D31900300488AE2 /* CoachPalUITests */ = {
			isa = PBXNativeTarget;
			buildConfigurationList = D0C012101D31900300488AE2 /* Build configuration list for PBXNativeTarget "CoachPalUITests" */;
			buildPhases = (
				D0C011FD1D31900300488AE2 /* Sources */,
				D0C011FE1D31900300488AE2 /* Frameworks */,
				D0C011FF1D31900300488AE2 /* Resources */,
			);
			buildRules = (
			);
			dependencies = (
				D0C012031D31900300488AE2 /* PBXTargetDependency */,
			);
			name = CoachPalUITests;
			productName = CoachPalUITests;
			productReference = D0C012011D31900300488AE2 /* CoachPalUITests.xctest */;
			productType = "com.apple.product-type.bundle.ui-testing";
		};
/* End PBXNativeTarget section */

/* Begin PBXProject section */
		D0C011DA1D31900300488AE2 /* Project object */ = {
			isa = PBXProject;
			attributes = {
				LastSwiftUpdateCheck = 0730;
				LastUpgradeCheck = 0730;
				ORGANIZATIONNAME = "Justin Matsnev";
				TargetAttributes = {
					D0C011E11D31900300488AE2 = {
						CreatedOnToolsVersion = 7.3.1;
					};
					D0C011F51D31900300488AE2 = {
						CreatedOnToolsVersion = 7.3.1;
						TestTargetID = D0C011E11D31900300488AE2;
					};
					D0C012001D31900300488AE2 = {
						CreatedOnToolsVersion = 7.3.1;
						TestTargetID = D0C011E11D31900300488AE2;
					};
				};
			};
			buildConfigurationList = D0C011DD1D31900300488AE2 /* Build configuration list for PBXProject "CoachPal" */;
			compatibilityVersion = "Xcode 3.2";
			developmentRegion = English;
			hasScannedForEncodings = 0;
			knownRegions = (
				en,
				Base,
			);
			mainGroup = D0C011D91D31900300488AE2;
			productRefGroup = D0C011E31D31900300488AE2 /* Products */;
			projectDirPath = "";
			projectRoot = "";
			targets = (
				D0C011E11D31900300488AE2 /* CoachPal */,
				D0C011F51D31900300488AE2 /* CoachPalTests */,
				D0C012001D31900300488AE2 /* CoachPalUITests */,
			);
		};
/* End PBXProject section */

/* Begin PBXResourcesBuildPhase section */
		D0C011E01D31900300488AE2 /* Resources */ = {
			isa = PBXResourcesBuildPhase;
			buildActionMask = 2147483647;
			files = (
				D0C011F01D31900300488AE2 /* LaunchScreen.storyboard in Resources */,
				D0C011ED1D31900300488AE2 /* Assets.xcassets in Resources */,
				D0C011EB1D31900300488AE2 /* Main.storyboard in Resources */,
			);
			runOnlyForDeploymentPostprocessing = 0;
		};
		D0C011F41D31900300488AE2 /* Resources */ = {
			isa = PBXResourcesBuildPhase;
			buildActionMask = 2147483647;
			files = (
			);
			runOnlyForDeploymentPostprocessing = 0;
		};
		D0C011FF1D31900300488AE2 /* Resources */ = {
			isa = PBXResourcesBuildPhase;
			buildActionMask = 2147483647;
			files = (
			);
			runOnlyForDeploymentPostprocessing = 0;
		};
/* End PBXResourcesBuildPhase section */

/* Begin PBXSourcesBuildPhase section */
		D0C011DE1D31900300488AE2 /* Sources */ = {
			isa = PBXSourcesBuildPhase;
			buildActionMask = 2147483647;
			files = (
				D0C011E81D31900300488AE2 /* ViewController.swift in Sources */,
				D0C011E61D31900300488AE2 /* AppDelegate.swift in Sources */,
			);
			runOnlyForDeploymentPostprocessing = 0;
		};
		D0C011F21D31900300488AE2 /* Sources */ = {
			isa = PBXSourcesBuildPhase;
			buildActionMask = 2147483647;
			files = (
				D0C011FB1D31900300488AE2 /* CoachPalTests.swift in Sources */,
			);
			runOnlyForDeploymentPostprocessing = 0;
		};
		D0C011FD1D31900300488AE2 /* Sources */ = {
			isa = PBXSourcesBuildPhase;
			buildActionMask = 2147483647;
			files = (
				D0C012061D31900300488AE2 /* CoachPalUITests.swift in Sources */,
			);
			runOnlyForDeploymentPostprocessing = 0;
		};
/* End PBXSourcesBuildPhase section */

/* Begin PBXTargetDependency section */
		D0C011F81D31900300488AE2 /* PBXTargetDependency */ = {
			isa = PBXTargetDependency;
			target = D0C011E11D31900300488AE2 /* CoachPal */;
			targetProxy = D0C011F71D31900300488AE2 /* PBXContainerItemProxy */;
		};
		D0C012031D31900300488AE2 /* PBXTargetDependency */ = {
			isa = PBXTargetDependency;
			target = D0C011E11D31900300488AE2 /* CoachPal */;
			targetProxy = D0C012021D31900300488AE2 /* PBXContainerItemProxy */;
		};
/* End PBXTargetDependency section */

/* Begin PBXVariantGroup section */
		D0C011E91D31900300488AE2 /* Main.storyboard */ = {
			isa = PBXVariantGroup;
			children = (
				D0C011EA1D31900300488AE2 /* Base */,
			);
			name = Main.storyboard;
			sourceTree = "<group>";
		};
		D0C011EE1D31900300488AE2 /* LaunchScreen.storyboard */ = {
			isa = PBXVariantGroup;
			children = (
				D0C011EF1D31900300488AE2 /* Base */,
			);
			name = LaunchScreen.storyboard;
			sourceTree = "<group>";
		};
/* End PBXVariantGroup section */

/* Begin XCBuildConfiguration section */
		D0C012081D31900300488AE2 /* Debug */ = {
			isa = XCBuildConfiguration;
			buildSettings = {
				ALWAYS_SEARCH_USER_PATHS = NO;
				CLANG_ANALYZER_NONNULL = YES;
				CLANG_CXX_LANGUAGE_STANDARD = "gnu++0x";
				CLANG_CXX_LIBRARY = "libc++";
				CLANG_ENABLE_MODULES = YES;
				CLANG_ENABLE_OBJC_ARC = YES;
				CLANG_WARN_BOOL_CONVERSION = YES;
				CLANG_WARN_CONSTANT_CONVERSION = YES;
				CLANG_WARN_DIRECT_OBJC_ISA_USAGE = YES_ERROR;
				CLANG_WARN_EMPTY_BODY = YES;
				CLANG_WARN_ENUM_CONVERSION = YES;
				CLANG_WARN_INT_CONVERSION = YES;
				CLANG_WARN_OBJC_ROOT_CLASS = YES_ERROR;
				CLANG_WARN_UNREACHABLE_CODE = YES;
				CLANG_WARN__DUPLICATE_METHOD_MATCH = YES;
				"CODE_SIGN_IDENTITY[sdk=iphoneos*]" = "iPhone Developer";
				COPY_PHASE_STRIP = NO;
				DEBUG_INFORMATION_FORMAT = dwarf;
				ENABLE_STRICT_OBJC_MSGSEND = YES;
				ENABLE_TESTABILITY = YES;
				GCC_C_LANGUAGE_STANDARD = gnu99;
				GCC_DYNAMIC_NO_PIC = NO;
				GCC_NO_COMMON_BLOCKS = YES;
				GCC_OPTIMIZATION_LEVEL = 0;
				GCC_PREPROCESSOR_DEFINITIONS = (
					"DEBUG=1",
					"$(inherited)",
				);
				GCC_WARN_64_TO_32_BIT_CONVERSION = YES;
				GCC_WARN_ABOUT_RETURN_TYPE = YES_ERROR;
				GCC_WARN_UNDECLARED_SELECTOR = YES;
				GCC_WARN_UNINITIALIZED_AUTOS = YES_AGGRESSIVE;
				GCC_WARN_UNUSED_FUNCTION = YES;
				GCC_WARN_UNUSED_VARIABLE = YES;
				IPHONEOS_DEPLOYMENT_TARGET = 9.3;
				MTL_ENABLE_DEBUG_INFO = YES;
				ONLY_ACTIVE_ARCH = YES;
				SDKROOT = iphoneos;
				SWIFT_OPTIMIZATION_LEVEL = "-Onone";
				TARGETED_DEVICE_FAMILY = "1,2";
			};
			name = Debug;
		};
		D0C012091D31900300488AE2 /* Release */ = {
			isa = XCBuildConfiguration;
			buildSettings = {
				ALWAYS_SEARCH_USER_PATHS = NO;
				CLANG_ANALYZER_NONNULL = YES;
				CLANG_CXX_LANGUAGE_STANDARD = "gnu++0x";
				CLANG_CXX_LIBRARY = "libc++";
				CLANG_ENABLE_MODULES = YES;
				CLANG_ENABLE_OBJC_ARC = YES;
				CLANG_WARN_BOOL_CONVERSION = YES;
				CLANG_WARN_CONSTANT_CONVERSION = YES;
				CLANG_WARN_DIRECT_OBJC_ISA_USAGE = YES_ERROR;
				CLANG_WARN_EMPTY_BODY = YES;
				CLANG_WARN_ENUM_CONVERSION = YES;
				CLANG_WARN_INT_CONVERSION = YES;
				CLANG_WARN_OBJC_ROOT_CLASS = YES_ERROR;
				CLANG_WARN_UNREACHABLE_CODE = YES;
				CLANG_WARN__DUPLICATE_METHOD_MATCH = YES;
				"CODE_SIGN_IDENTITY[sdk=iphoneos*]" = "iPhone Developer";
				COPY_PHASE_STRIP = NO;
				DEBUG_INFORMATION_FORMAT = "dwarf-with-dsym";
				ENABLE_NS_ASSERTIONS = NO;
				ENABLE_STRICT_OBJC_MSGSEND = YES;
				GCC_C_LANGUAGE_STANDARD = gnu99;
				GCC_NO_COMMON_BLOCKS = YES;
				GCC_WARN_64_TO_32_BIT_CONVERSION = YES;
				GCC_WARN_ABOUT_RETURN_TYPE = YES_ERROR;
				GCC_WARN_UNDECLARED_SELECTOR = YES;
				GCC_WARN_UNINITIALIZED_AUTOS = YES_AGGRESSIVE;
				GCC_WARN_UNUSED_FUNCTION = YES;
				GCC_WARN_UNUSED_VARIABLE = YES;
				IPHONEOS_DEPLOYMENT_TARGET = 9.3;
				MTL_ENABLE_DEBUG_INFO = NO;
				SDKROOT = iphoneos;
				TARGETED_DEVICE_FAMILY = "1,2";
				VALIDATE_PRODUCT = YES;
			};
			name = Release;
		};
		D0C0120B1D31900300488AE2 /* Debug */ = {
			isa = XCBuildConfiguration;
			buildSettings = {
				ASSETCATALOG_COMPILER_APPICON_NAME = AppIcon;
				INFOPLIST_FILE = CoachPal/Info.plist;
				LD_RUNPATH_SEARCH_PATHS = "$(inherited) @executable_path/Frameworks";
				PRODUCT_BUNDLE_IDENTIFIER = com.justinmatsnev.CoachPal;
				PRODUCT_NAME = "$(TARGET_NAME)";
			};
			name = Debug;
		};
		D0C0120C1D31900300488AE2 /* Release */ = {
			isa = XCBuildConfiguration;
			buildSettings = {
				ASSETCATALOG_COMPILER_APPICON_NAME = AppIcon;
				INFOPLIST_FILE = CoachPal/Info.plist;
				LD_RUNPATH_SEARCH_PATHS = "$(inherited) @executable_path/Frameworks";
				PRODUCT_BUNDLE_IDENTIFIER = com.justinmatsnev.CoachPal;
				PRODUCT_NAME = "$(TARGET_NAME)";
			};
			name = Release;
		};
		D0C0120E1D31900300488AE2 /* Debug */ = {
			isa = XCBuildConfiguration;
			buildSettings = {
				BUNDLE_LOADER = "$(TEST_HOST)";
				INFOPLIST_FILE = CoachPalTests/Info.plist;
				LD_RUNPATH_SEARCH_PATHS = "$(inherited) @executable_path/Frameworks @loader_path/Frameworks";
				PRODUCT_BUNDLE_IDENTIFIER = com.justinmatsnev.CoachPalTests;
				PRODUCT_NAME = "$(TARGET_NAME)";
				TEST_HOST = "$(BUILT_PRODUCTS_DIR)/CoachPal.app/CoachPal";
			};
			name = Debug;
		};
		D0C0120F1D31900300488AE2 /* Release */ = {
			isa = XCBuildConfiguration;
			buildSettings = {
				BUNDLE_LOADER = "$(TEST_HOST)";
				INFOPLIST_FILE = CoachPalTests/Info.plist;
				LD_RUNPATH_SEARCH_PATHS = "$(inherited) @executable_path/Frameworks @loader_path/Frameworks";
				PRODUCT_BUNDLE_IDENTIFIER = com.justinmatsnev.CoachPalTests;
				PRODUCT_NAME = "$(TARGET_NAME)";
				TEST_HOST = "$(BUILT_PRODUCTS_DIR)/CoachPal.app/CoachPal";
			};
			name = Release;
		};
		D0C012111D31900300488AE2 /* Debug */ = {
			isa = XCBuildConfiguration;
			buildSettings = {
				INFOPLIST_FILE = CoachPalUITests/Info.plist;
				LD_RUNPATH_SEARCH_PATHS = "$(inherited) @executable_path/Frameworks @loader_path/Frameworks";
				PRODUCT_BUNDLE_IDENTIFIER = com.justinmatsnev.CoachPalUITests;
				PRODUCT_NAME = "$(TARGET_NAME)";
				TEST_TARGET_NAME = CoachPal;
			};
			name = Debug;
		};
		D0C012121D31900300488AE2 /* Release */ = {
			isa = XCBuildConfiguration;
			buildSettings = {
				INFOPLIST_FILE = CoachPalUITests/Info.plist;
				LD_RUNPATH_SEARCH_PATHS = "$(inherited) @executable_path/Frameworks @loader_path/Frameworks";
				PRODUCT_BUNDLE_IDENTIFIER = com.justinmatsnev.CoachPalUITests;
				PRODUCT_NAME = "$(TARGET_NAME)";
				TEST_TARGET_NAME = CoachPal;
			};
			name = Release;
		};
/* End XCBuildConfiguration section */

/* Begin XCConfigurationList section */
		D0C011DD1D31900300488AE2 /* Build configuration list for PBXProject "CoachPal" */ = {
			isa = XCConfigurationList;
			buildConfigurations = (
				D0C012081D31900300488AE2 /* Debug */,
				D0C012091D31900300488AE2 /* Release */,
			);
			defaultConfigurationIsVisible = 0;
			defaultConfigurationName = Release;
		};
		D0C0120A1D31900300488AE2 /* Build configuration list for PBXNativeTarget "CoachPal" */ = {
			isa = XCConfigurationList;
			buildConfigurations = (
				D0C0120B1D31900300488AE2 /* Debug */,
				D0C0120C1D31900300488AE2 /* Release */,
			);
			defaultConfigurationIsVisible = 0;
		};
		D0C0120D1D31900300488AE2 /* Build configuration list for PBXNativeTarget "CoachPalTests" */ = {
			isa = XCConfigurationList;
			buildConfigurations = (
				D0C0120E1D31900300488AE2 /* Debug */,
				D0C0120F1D31900300488AE2 /* Release */,
			);
			defaultConfigurationIsVisible = 0;
		};
		D0C012101D31900300488AE2 /* Build configuration list for PBXNativeTarget "CoachPalUITests" */ = {
			isa = XCConfigurationList;
			buildConfigurations = (
				D0C012111D31900300488AE2 /* Debug */,
				D0C012121D31900300488AE2 /* Release */,
			);
			defaultConfigurationIsVisible = 0;
		};
/* End XCConfigurationList section */
	};
	rootObject = D0C011DA1D31900300488AE2 /* Project object */;
}
