// !$*UTF8*$!
{
	archiveVersion = 1;
	classes = {
	};
	objectVersion = 46;
	objects = {

/* Begin PBXBuildFile section */
		D0B540101D389A720012E4D0 /* MoveCell.swift in Sources */ = {isa = PBXBuildFile; fileRef = D0B5400F1D389A720012E4D0 /* MoveCell.swift */; };
		D0B540121D389DE00012E4D0 /* MovesViewController.swift in Sources */ = {isa = PBXBuildFile; fileRef = D0B540111D389DE00012E4D0 /* MovesViewController.swift */; };
		D0B540161D3CA29B0012E4D0 /* justin-013.jpg in Resources */ = {isa = PBXBuildFile; fileRef = D0B540151D3CA29B0012E4D0 /* justin-013.jpg */; };
		D0C011E61D31900300488AE2 /* AppDelegate.swift in Sources */ = {isa = PBXBuildFile; fileRef = D0C011E51D31900300488AE2 /* AppDelegate.swift */; };
		D0C011E81D31900300488AE2 /* TeamViewController.swift in Sources */ = {isa = PBXBuildFile; fileRef = D0C011E71D31900300488AE2 /* TeamViewController.swift */; };
		D0C011EB1D31900300488AE2 /* Main.storyboard in Resources */ = {isa = PBXBuildFile; fileRef = D0C011E91D31900300488AE2 /* Main.storyboard */; };
		D0C011ED1D31900300488AE2 /* Assets.xcassets in Resources */ = {isa = PBXBuildFile; fileRef = D0C011EC1D31900300488AE2 /* Assets.xcassets */; };
		D0C011F01D31900300488AE2 /* LaunchScreen.storyboard in Resources */ = {isa = PBXBuildFile; fileRef = D0C011EE1D31900300488AE2 /* LaunchScreen.storyboard */; };
		D0C011FB1D31900300488AE2 /* CoachPalTests.swift in Sources */ = {isa = PBXBuildFile; fileRef = D0C011FA1D31900300488AE2 /* CoachPalTests.swift */; };
		D0C012061D31900300488AE2 /* CoachPalUITests.swift in Sources */ = {isa = PBXBuildFile; fileRef = D0C012051D31900300488AE2 /* CoachPalUITests.swift */; };
		D0C012151D3190E300488AE2 /* Player.swift in Sources */ = {isa = PBXBuildFile; fileRef = D0C012141D3190E300488AE2 /* Player.swift */; };
		D0C012171D3190EC00488AE2 /* Team.swift in Sources */ = {isa = PBXBuildFile; fileRef = D0C012161D3190EC00488AE2 /* Team.swift */; };
		D0C012191D3190F600488AE2 /* Play.swift in Sources */ = {isa = PBXBuildFile; fileRef = D0C012181D3190F600488AE2 /* Play.swift */; };
		D0C012361D319C8C00488AE2 /* TeamCell.swift in Sources */ = {isa = PBXBuildFile; fileRef = D0C012351D319C8C00488AE2 /* TeamCell.swift */; };
		D0C012381D31B0D700488AE2 /* RosterViewController.swift in Sources */ = {isa = PBXBuildFile; fileRef = D0C012371D31B0D700488AE2 /* RosterViewController.swift */; };
		D0C0123A1D31B40800488AE2 /* RosterCell.swift in Sources */ = {isa = PBXBuildFile; fileRef = D0C012391D31B40800488AE2 /* RosterCell.swift */; };
		D0C0124D1D32B02E00488AE2 /* FormBaseCell.swift in Sources */ = {isa = PBXBuildFile; fileRef = D0C0123E1D32B02E00488AE2 /* FormBaseCell.swift */; };
		D0C0124E1D32B02E00488AE2 /* FormTitleCell.swift in Sources */ = {isa = PBXBuildFile; fileRef = D0C0123F1D32B02E00488AE2 /* FormTitleCell.swift */; };
		D0C0124F1D32B02E00488AE2 /* FormValueCell.swift in Sources */ = {isa = PBXBuildFile; fileRef = D0C012401D32B02E00488AE2 /* FormValueCell.swift */; };
		D0C012501D32B02E00488AE2 /* FormButtonCell.swift in Sources */ = {isa = PBXBuildFile; fileRef = D0C012411D32B02E00488AE2 /* FormButtonCell.swift */; };
		D0C012511D32B02E00488AE2 /* FormCheckCell.swift in Sources */ = {isa = PBXBuildFile; fileRef = D0C012421D32B02E00488AE2 /* FormCheckCell.swift */; };
		D0C012521D32B02E00488AE2 /* FormDateCell.swift in Sources */ = {isa = PBXBuildFile; fileRef = D0C012431D32B02E00488AE2 /* FormDateCell.swift */; };
		D0C012531D32B02E00488AE2 /* FormLabelCell.swift in Sources */ = {isa = PBXBuildFile; fileRef = D0C012441D32B02E00488AE2 /* FormLabelCell.swift */; };
		D0C012541D32B02E00488AE2 /* FormPickerCell.swift in Sources */ = {isa = PBXBuildFile; fileRef = D0C012451D32B02E00488AE2 /* FormPickerCell.swift */; };
		D0C012551D32B02E00488AE2 /* FormSegmentedControlCell.swift in Sources */ = {isa = PBXBuildFile; fileRef = D0C012461D32B02E00488AE2 /* FormSegmentedControlCell.swift */; };
		D0C012561D32B02E00488AE2 /* FormSelectorCell.swift in Sources */ = {isa = PBXBuildFile; fileRef = D0C012471D32B02E00488AE2 /* FormSelectorCell.swift */; };
		D0C012571D32B02E00488AE2 /* FormSliderCell.swift in Sources */ = {isa = PBXBuildFile; fileRef = D0C012481D32B02E00488AE2 /* FormSliderCell.swift */; };
		D0C012581D32B02E00488AE2 /* FormStepperCell.swift in Sources */ = {isa = PBXBuildFile; fileRef = D0C012491D32B02E00488AE2 /* FormStepperCell.swift */; };
		D0C012591D32B02E00488AE2 /* FormSwitchCell.swift in Sources */ = {isa = PBXBuildFile; fileRef = D0C0124A1D32B02E00488AE2 /* FormSwitchCell.swift */; };
		D0C0125A1D32B02E00488AE2 /* FormTextFieldCell.swift in Sources */ = {isa = PBXBuildFile; fileRef = D0C0124B1D32B02E00488AE2 /* FormTextFieldCell.swift */; };
		D0C0125B1D32B02E00488AE2 /* FormTextViewCell.swift in Sources */ = {isa = PBXBuildFile; fileRef = D0C0124C1D32B02E00488AE2 /* FormTextViewCell.swift */; };
		D0C0125F1D32B03600488AE2 /* FormOptionsViewController.swift in Sources */ = {isa = PBXBuildFile; fileRef = D0C0125C1D32B03600488AE2 /* FormOptionsViewController.swift */; };
		D0C012601D32B03600488AE2 /* FormSelector.swift in Sources */ = {isa = PBXBuildFile; fileRef = D0C0125D1D32B03600488AE2 /* FormSelector.swift */; };
		D0C012611D32B03600488AE2 /* FormViewController.swift in Sources */ = {isa = PBXBuildFile; fileRef = D0C0125E1D32B03600488AE2 /* FormViewController.swift */; };
		D0C012661D32B03F00488AE2 /* FormDescriptor.swift in Sources */ = {isa = PBXBuildFile; fileRef = D0C012621D32B03F00488AE2 /* FormDescriptor.swift */; };
		D0C012671D32B03F00488AE2 /* FormRowDescriptor.swift in Sources */ = {isa = PBXBuildFile; fileRef = D0C012631D32B03F00488AE2 /* FormRowDescriptor.swift */; };
		D0C012681D32B03F00488AE2 /* FormSectionDescriptor.swift in Sources */ = {isa = PBXBuildFile; fileRef = D0C012641D32B03F00488AE2 /* FormSectionDescriptor.swift */; };
		D0C012691D32B03F00488AE2 /* FormErrorType.swift in Sources */ = {isa = PBXBuildFile; fileRef = D0C012651D32B03F00488AE2 /* FormErrorType.swift */; };
		D0C0126C1D32D20F00488AE2 /* Data.swift in Sources */ = {isa = PBXBuildFile; fileRef = D0C0126B1D32D20F00488AE2 /* Data.swift */; };
		D0C012891D32EDE100488AE2 /* Realm.framework in Frameworks */ = {isa = PBXBuildFile; fileRef = D0C012871D32EDE100488AE2 /* Realm.framework */; };
		D0C0128A1D32EDE100488AE2 /* Realm.framework in Embed Frameworks */ = {isa = PBXBuildFile; fileRef = D0C012871D32EDE100488AE2 /* Realm.framework */; settings = {ATTRIBUTES = (CodeSignOnCopy, RemoveHeadersOnCopy, ); }; };
		D0C0128B1D32EDE100488AE2 /* RealmSwift.framework in Frameworks */ = {isa = PBXBuildFile; fileRef = D0C012881D32EDE100488AE2 /* RealmSwift.framework */; };
		D0C0128C1D32EDE100488AE2 /* RealmSwift.framework in Embed Frameworks */ = {isa = PBXBuildFile; fileRef = D0C012881D32EDE100488AE2 /* RealmSwift.framework */; settings = {ATTRIBUTES = (CodeSignOnCopy, RemoveHeadersOnCopy, ); }; };
		D0C0128F1D342AE800488AE2 /* PlayerFormViewController.swift in Sources */ = {isa = PBXBuildFile; fileRef = D0C0128E1D342AE800488AE2 /* PlayerFormViewController.swift */; };
		D0C012911D355A2D00488AE2 /* PlayerViewController.swift in Sources */ = {isa = PBXBuildFile; fileRef = D0C012901D355A2D00488AE2 /* PlayerViewController.swift */; };
		D0C012931D355D7D00488AE2 /* PlayerCell.swift in Sources */ = {isa = PBXBuildFile; fileRef = D0C012921D355D7D00488AE2 /* PlayerCell.swift */; };
		D0D6E2E21D36A508001D95D8 /* TabBarViewController.swift in Sources */ = {isa = PBXBuildFile; fileRef = D0D6E2E11D36A508001D95D8 /* TabBarViewController.swift */; };
/* End PBXBuildFile section */

/* Begin PBXContainerItemProxy section */
		D0C011F71D31900300488AE2 /* PBXContainerItemProxy */ = {
			isa = PBXContainerItemProxy;
			containerPortal = D0C011DA1D31900300488AE2 /* Project object */;
			proxyType = 1;
			remoteGlobalIDString = D0C011E11D31900300488AE2;
			remoteInfo = CoachPal;
		};
		D0C012021D31900300488AE2 /* PBXContainerItemProxy */ = {
			isa = PBXContainerItemProxy;
			containerPortal = D0C011DA1D31900300488AE2 /* Project object */;
			proxyType = 1;
			remoteGlobalIDString = D0C011E11D31900300488AE2;
			remoteInfo = CoachPal;
		};
/* End PBXContainerItemProxy section */

/* Begin PBXCopyFilesBuildPhase section */
		D0C012861D32EDAD00488AE2 /* Embed Frameworks */ = {
			isa = PBXCopyFilesBuildPhase;
			buildActionMask = 2147483647;
			dstPath = "";
			dstSubfolderSpec = 10;
			files = (
				D0C0128C1D32EDE100488AE2 /* RealmSwift.framework in Embed Frameworks */,
				D0C0128A1D32EDE100488AE2 /* Realm.framework in Embed Frameworks */,
			);
			name = "Embed Frameworks";
			runOnlyForDeploymentPostprocessing = 0;
		};
/* End PBXCopyFilesBuildPhase section */

/* Begin PBXFileReference section */
		D0B5400F1D389A720012E4D0 /* MoveCell.swift */ = {isa = PBXFileReference; fileEncoding = 4; lastKnownFileType = sourcecode.swift; path = MoveCell.swift; sourceTree = "<group>"; };
		D0B540111D389DE00012E4D0 /* MovesViewController.swift */ = {isa = PBXFileReference; fileEncoding = 4; lastKnownFileType = sourcecode.swift; path = MovesViewController.swift; sourceTree = "<group>"; };
		D0B540151D3CA29B0012E4D0 /* justin-013.jpg */ = {isa = PBXFileReference; lastKnownFileType = image.jpeg; path = "justin-013.jpg"; sourceTree = "<group>"; };
		D0C011E21D31900300488AE2 /* CoachPal.app */ = {isa = PBXFileReference; explicitFileType = wrapper.application; includeInIndex = 0; path = CoachPal.app; sourceTree = BUILT_PRODUCTS_DIR; };
		D0C011E51D31900300488AE2 /* AppDelegate.swift */ = {isa = PBXFileReference; lastKnownFileType = sourcecode.swift; path = AppDelegate.swift; sourceTree = "<group>"; };
		D0C011E71D31900300488AE2 /* TeamViewController.swift */ = {isa = PBXFileReference; lastKnownFileType = sourcecode.swift; path = TeamViewController.swift; sourceTree = "<group>"; };
		D0C011EA1D31900300488AE2 /* Base */ = {isa = PBXFileReference; lastKnownFileType = file.storyboard; name = Base; path = Base.lproj/Main.storyboard; sourceTree = "<group>"; };
		D0C011EC1D31900300488AE2 /* Assets.xcassets */ = {isa = PBXFileReference; lastKnownFileType = folder.assetcatalog; path = Assets.xcassets; sourceTree = "<group>"; };
		D0C011EF1D31900300488AE2 /* Base */ = {isa = PBXFileReference; lastKnownFileType = file.storyboard; name = Base; path = Base.lproj/LaunchScreen.storyboard; sourceTree = "<group>"; };
		D0C011F11D31900300488AE2 /* Info.plist */ = {isa = PBXFileReference; lastKnownFileType = text.plist.xml; path = Info.plist; sourceTree = "<group>"; };
		D0C011F61D31900300488AE2 /* CoachPalTests.xctest */ = {isa = PBXFileReference; explicitFileType = wrapper.cfbundle; includeInIndex = 0; path = CoachPalTests.xctest; sourceTree = BUILT_PRODUCTS_DIR; };
		D0C011FA1D31900300488AE2 /* CoachPalTests.swift */ = {isa = PBXFileReference; lastKnownFileType = sourcecode.swift; path = CoachPalTests.swift; sourceTree = "<group>"; };
		D0C011FC1D31900300488AE2 /* Info.plist */ = {isa = PBXFileReference; lastKnownFileType = text.plist.xml; path = Info.plist; sourceTree = "<group>"; };
		D0C012011D31900300488AE2 /* CoachPalUITests.xctest */ = {isa = PBXFileReference; explicitFileType = wrapper.cfbundle; includeInIndex = 0; path = CoachPalUITests.xctest; sourceTree = BUILT_PRODUCTS_DIR; };
		D0C012051D31900300488AE2 /* CoachPalUITests.swift */ = {isa = PBXFileReference; lastKnownFileType = sourcecode.swift; path = CoachPalUITests.swift; sourceTree = "<group>"; };
		D0C012071D31900300488AE2 /* Info.plist */ = {isa = PBXFileReference; lastKnownFileType = text.plist.xml; path = Info.plist; sourceTree = "<group>"; };
		D0C012141D3190E300488AE2 /* Player.swift */ = {isa = PBXFileReference; fileEncoding = 4; lastKnownFileType = sourcecode.swift; path = Player.swift; sourceTree = "<group>"; };
		D0C012161D3190EC00488AE2 /* Team.swift */ = {isa = PBXFileReference; fileEncoding = 4; lastKnownFileType = sourcecode.swift; path = Team.swift; sourceTree = "<group>"; };
		D0C012181D3190F600488AE2 /* Play.swift */ = {isa = PBXFileReference; fileEncoding = 4; lastKnownFileType = sourcecode.swift; path = Play.swift; sourceTree = "<group>"; };
		D0C0122B1D3197FF00488AE2 /* SFSportsNight.ttf */ = {isa = PBXFileReference; lastKnownFileType = file; path = SFSportsNight.ttf; sourceTree = "<group>"; };
		D0C0122C1D3197FF00488AE2 /* SFSportsNightAlternate.ttf */ = {isa = PBXFileReference; lastKnownFileType = file; path = SFSportsNightAlternate.ttf; sourceTree = "<group>"; };
		D0C0122D1D3197FF00488AE2 /* SFSportsNightAltUpright.ttf */ = {isa = PBXFileReference; lastKnownFileType = file; path = SFSportsNightAltUpright.ttf; sourceTree = "<group>"; };
		D0C0122E1D3197FF00488AE2 /* SFSportsNightNS.ttf */ = {isa = PBXFileReference; lastKnownFileType = file; path = SFSportsNightNS.ttf; sourceTree = "<group>"; };
		D0C0122F1D3197FF00488AE2 /* SFSportsNightNSAlternate.ttf */ = {isa = PBXFileReference; lastKnownFileType = file; path = SFSportsNightNSAlternate.ttf; sourceTree = "<group>"; };
		D0C012301D3197FF00488AE2 /* SFSportsNightNSAltUpright.ttf */ = {isa = PBXFileReference; lastKnownFileType = file; path = SFSportsNightNSAltUpright.ttf; sourceTree = "<group>"; };
		D0C012311D3197FF00488AE2 /* SFSportsNightNSUpright.ttf */ = {isa = PBXFileReference; lastKnownFileType = file; path = SFSportsNightNSUpright.ttf; sourceTree = "<group>"; };
		D0C012321D3197FF00488AE2 /* SFSportsNightUpright.ttf */ = {isa = PBXFileReference; lastKnownFileType = file; path = SFSportsNightUpright.ttf; sourceTree = "<group>"; };
		D0C012351D319C8C00488AE2 /* TeamCell.swift */ = {isa = PBXFileReference; fileEncoding = 4; lastKnownFileType = sourcecode.swift; path = TeamCell.swift; sourceTree = "<group>"; };
		D0C012371D31B0D700488AE2 /* RosterViewController.swift */ = {isa = PBXFileReference; fileEncoding = 4; lastKnownFileType = sourcecode.swift; path = RosterViewController.swift; sourceTree = "<group>"; };
		D0C012391D31B40800488AE2 /* RosterCell.swift */ = {isa = PBXFileReference; fileEncoding = 4; lastKnownFileType = sourcecode.swift; path = RosterCell.swift; sourceTree = "<group>"; };
		D0C0123E1D32B02E00488AE2 /* FormBaseCell.swift */ = {isa = PBXFileReference; fileEncoding = 4; lastKnownFileType = sourcecode.swift; path = FormBaseCell.swift; sourceTree = "<group>"; };
		D0C0123F1D32B02E00488AE2 /* FormTitleCell.swift */ = {isa = PBXFileReference; fileEncoding = 4; lastKnownFileType = sourcecode.swift; path = FormTitleCell.swift; sourceTree = "<group>"; };
		D0C012401D32B02E00488AE2 /* FormValueCell.swift */ = {isa = PBXFileReference; fileEncoding = 4; lastKnownFileType = sourcecode.swift; path = FormValueCell.swift; sourceTree = "<group>"; };
		D0C012411D32B02E00488AE2 /* FormButtonCell.swift */ = {isa = PBXFileReference; fileEncoding = 4; lastKnownFileType = sourcecode.swift; path = FormButtonCell.swift; sourceTree = "<group>"; };
		D0C012421D32B02E00488AE2 /* FormCheckCell.swift */ = {isa = PBXFileReference; fileEncoding = 4; lastKnownFileType = sourcecode.swift; path = FormCheckCell.swift; sourceTree = "<group>"; };
		D0C012431D32B02E00488AE2 /* FormDateCell.swift */ = {isa = PBXFileReference; fileEncoding = 4; lastKnownFileType = sourcecode.swift; path = FormDateCell.swift; sourceTree = "<group>"; };
		D0C012441D32B02E00488AE2 /* FormLabelCell.swift */ = {isa = PBXFileReference; fileEncoding = 4; lastKnownFileType = sourcecode.swift; path = FormLabelCell.swift; sourceTree = "<group>"; };
		D0C012451D32B02E00488AE2 /* FormPickerCell.swift */ = {isa = PBXFileReference; fileEncoding = 4; lastKnownFileType = sourcecode.swift; path = FormPickerCell.swift; sourceTree = "<group>"; };
		D0C012461D32B02E00488AE2 /* FormSegmentedControlCell.swift */ = {isa = PBXFileReference; fileEncoding = 4; lastKnownFileType = sourcecode.swift; path = FormSegmentedControlCell.swift; sourceTree = "<group>"; };
		D0C012471D32B02E00488AE2 /* FormSelectorCell.swift */ = {isa = PBXFileReference; fileEncoding = 4; lastKnownFileType = sourcecode.swift; path = FormSelectorCell.swift; sourceTree = "<group>"; };
		D0C012481D32B02E00488AE2 /* FormSliderCell.swift */ = {isa = PBXFileReference; fileEncoding = 4; lastKnownFileType = sourcecode.swift; path = FormSliderCell.swift; sourceTree = "<group>"; };
		D0C012491D32B02E00488AE2 /* FormStepperCell.swift */ = {isa = PBXFileReference; fileEncoding = 4; lastKnownFileType = sourcecode.swift; path = FormStepperCell.swift; sourceTree = "<group>"; };
		D0C0124A1D32B02E00488AE2 /* FormSwitchCell.swift */ = {isa = PBXFileReference; fileEncoding = 4; lastKnownFileType = sourcecode.swift; path = FormSwitchCell.swift; sourceTree = "<group>"; };
		D0C0124B1D32B02E00488AE2 /* FormTextFieldCell.swift */ = {isa = PBXFileReference; fileEncoding = 4; lastKnownFileType = sourcecode.swift; path = FormTextFieldCell.swift; sourceTree = "<group>"; };
		D0C0124C1D32B02E00488AE2 /* FormTextViewCell.swift */ = {isa = PBXFileReference; fileEncoding = 4; lastKnownFileType = sourcecode.swift; path = FormTextViewCell.swift; sourceTree = "<group>"; };
		D0C0125C1D32B03600488AE2 /* FormOptionsViewController.swift */ = {isa = PBXFileReference; fileEncoding = 4; lastKnownFileType = sourcecode.swift; path = FormOptionsViewController.swift; sourceTree = "<group>"; };
		D0C0125D1D32B03600488AE2 /* FormSelector.swift */ = {isa = PBXFileReference; fileEncoding = 4; lastKnownFileType = sourcecode.swift; path = FormSelector.swift; sourceTree = "<group>"; };
		D0C0125E1D32B03600488AE2 /* FormViewController.swift */ = {isa = PBXFileReference; fileEncoding = 4; lastKnownFileType = sourcecode.swift; path = FormViewController.swift; sourceTree = "<group>"; };
		D0C012621D32B03F00488AE2 /* FormDescriptor.swift */ = {isa = PBXFileReference; fileEncoding = 4; lastKnownFileType = sourcecode.swift; path = FormDescriptor.swift; sourceTree = "<group>"; };
		D0C012631D32B03F00488AE2 /* FormRowDescriptor.swift */ = {isa = PBXFileReference; fileEncoding = 4; lastKnownFileType = sourcecode.swift; path = FormRowDescriptor.swift; sourceTree = "<group>"; };
		D0C012641D32B03F00488AE2 /* FormSectionDescriptor.swift */ = {isa = PBXFileReference; fileEncoding = 4; lastKnownFileType = sourcecode.swift; path = FormSectionDescriptor.swift; sourceTree = "<group>"; };
		D0C012651D32B03F00488AE2 /* FormErrorType.swift */ = {isa = PBXFileReference; fileEncoding = 4; lastKnownFileType = sourcecode.swift; path = FormErrorType.swift; sourceTree = "<group>"; };
		D0C0126A1D32B04500488AE2 /* SwiftForms.h */ = {isa = PBXFileReference; lastKnownFileType = sourcecode.c.h; path = SwiftForms.h; sourceTree = "<group>"; };
		D0C0126B1D32D20F00488AE2 /* Data.swift */ = {isa = PBXFileReference; fileEncoding = 4; lastKnownFileType = sourcecode.swift; path = Data.swift; sourceTree = "<group>"; };
		D0C012871D32EDE100488AE2 /* Realm.framework */ = {isa = PBXFileReference; lastKnownFileType = wrapper.framework; path = Realm.framework; sourceTree = "<group>"; };
		D0C012881D32EDE100488AE2 /* RealmSwift.framework */ = {isa = PBXFileReference; lastKnownFileType = wrapper.framework; path = RealmSwift.framework; sourceTree = "<group>"; };
		D0C0128E1D342AE800488AE2 /* PlayerFormViewController.swift */ = {isa = PBXFileReference; fileEncoding = 4; lastKnownFileType = sourcecode.swift; path = PlayerFormViewController.swift; sourceTree = "<group>"; };
		D0C012901D355A2D00488AE2 /* PlayerViewController.swift */ = {isa = PBXFileReference; fileEncoding = 4; lastKnownFileType = sourcecode.swift; path = PlayerViewController.swift; sourceTree = "<group>"; };
		D0C012921D355D7D00488AE2 /* PlayerCell.swift */ = {isa = PBXFileReference; fileEncoding = 4; lastKnownFileType = sourcecode.swift; path = PlayerCell.swift; sourceTree = "<group>"; };
		D0D6E2E11D36A508001D95D8 /* TabBarViewController.swift */ = {isa = PBXFileReference; fileEncoding = 4; lastKnownFileType = sourcecode.swift; path = TabBarViewController.swift; sourceTree = "<group>"; };
/* End PBXFileReference section */

/* Begin PBXFrameworksBuildPhase section */
		D0C011DF1D31900300488AE2 /* Frameworks */ = {
			isa = PBXFrameworksBuildPhase;
			buildActionMask = 2147483647;
			files = (
				D0C0128B1D32EDE100488AE2 /* RealmSwift.framework in Frameworks */,
				D0C012891D32EDE100488AE2 /* Realm.framework in Frameworks */,
			);
			runOnlyForDeploymentPostprocessing = 0;
		};
		D0C011F31D31900300488AE2 /* Frameworks */ = {
			isa = PBXFrameworksBuildPhase;
			buildActionMask = 2147483647;
			files = (
			);
			runOnlyForDeploymentPostprocessing = 0;
		};
		D0C011FE1D31900300488AE2 /* Frameworks */ = {
			isa = PBXFrameworksBuildPhase;
			buildActionMask = 2147483647;
			files = (
			);
			runOnlyForDeploymentPostprocessing = 0;
		};
/* End PBXFrameworksBuildPhase section */

/* Begin PBXGroup section */
		D0C011D91D31900300488AE2 = {
			isa = PBXGroup;
			children = (
				D0C011E41D31900300488AE2 /* CoachPal */,
				D0C0126D1D32EB6100488AE2 /* Frameworks */,
				D0C0121A1D31945300488AE2 /* Resources */,
				D0C011F91D31900300488AE2 /* CoachPalTests */,
				D0C012041D31900300488AE2 /* CoachPalUITests */,
				D0C011E31D31900300488AE2 /* Products */,
			);
			sourceTree = "<group>";
		};
		D0C011E31D31900300488AE2 /* Products */ = {
			isa = PBXGroup;
			children = (
				D0C011E21D31900300488AE2 /* CoachPal.app */,
				D0C011F61D31900300488AE2 /* CoachPalTests.xctest */,
				D0C012011D31900300488AE2 /* CoachPalUITests.xctest */,
			);
			name = Products;
			sourceTree = "<group>";
		};
		D0C011E41D31900300488AE2 /* CoachPal */ = {
			isa = PBXGroup;
			children = (
				D0C011E51D31900300488AE2 /* AppDelegate.swift */,
				D0C012131D31908500488AE2 /* Models */,
				D0C0123D1D32B01C00488AE2 /* Swiftform */,
				D0C012341D319C7300488AE2 /* Cells */,
				D0C012331D319C5700488AE2 /* ViewControllers */,
				D0C011E91D31900300488AE2 /* Main.storyboard */,
				D0C011EC1D31900300488AE2 /* Assets.xcassets */,
				D0C011EE1D31900300488AE2 /* LaunchScreen.storyboard */,
				D0C011F11D31900300488AE2 /* Info.plist */,
			);
			path = CoachPal;
			sourceTree = "<group>";
		};
		D0C011F91D31900300488AE2 /* CoachPalTests */ = {
			isa = PBXGroup;
			children = (
				D0C011FA1D31900300488AE2 /* CoachPalTests.swift */,
				D0C011FC1D31900300488AE2 /* Info.plist */,
			);
			path = CoachPalTests;
			sourceTree = "<group>";
		};
		D0C012041D31900300488AE2 /* CoachPalUITests */ = {
			isa = PBXGroup;
			children = (
				D0C012051D31900300488AE2 /* CoachPalUITests.swift */,
				D0C012071D31900300488AE2 /* Info.plist */,
			);
			path = CoachPalUITests;
			sourceTree = "<group>";
		};
		D0C012131D31908500488AE2 /* Models */ = {
			isa = PBXGroup;
			children = (
				D0C012141D3190E300488AE2 /* Player.swift */,
				D0C012161D3190EC00488AE2 /* Team.swift */,
				D0C012181D3190F600488AE2 /* Play.swift */,
				D0C0126B1D32D20F00488AE2 /* Data.swift */,
			);
			name = Models;
			sourceTree = "<group>";
		};
		D0C0121A1D31945300488AE2 /* Resources */ = {
			isa = PBXGroup;
			children = (
				D0B540151D3CA29B0012E4D0 /* justin-013.jpg */,
				D0C0122B1D3197FF00488AE2 /* SFSportsNight.ttf */,
				D0C0122C1D3197FF00488AE2 /* SFSportsNightAlternate.ttf */,
				D0C0122D1D3197FF00488AE2 /* SFSportsNightAltUpright.ttf */,
				D0C0122E1D3197FF00488AE2 /* SFSportsNightNS.ttf */,
				D0C0122F1D3197FF00488AE2 /* SFSportsNightNSAlternate.ttf */,
				D0C012301D3197FF00488AE2 /* SFSportsNightNSAltUpright.ttf */,
				D0C012311D3197FF00488AE2 /* SFSportsNightNSUpright.ttf */,
				D0C012321D3197FF00488AE2 /* SFSportsNightUpright.ttf */,
			);
			name = Resources;
			path = CoachPal;
			sourceTree = "<group>";
		};
		D0C012331D319C5700488AE2 /* ViewControllers */ = {
			isa = PBXGroup;
			children = (
				D0C0128E1D342AE800488AE2 /* PlayerFormViewController.swift */,
				D0C011E71D31900300488AE2 /* TeamViewController.swift */,
				D0C012371D31B0D700488AE2 /* RosterViewController.swift */,
				D0C012901D355A2D00488AE2 /* PlayerViewController.swift */,
				D0D6E2E11D36A508001D95D8 /* TabBarViewController.swift */,
				D0B540111D389DE00012E4D0 /* MovesViewController.swift */,
			);
			name = ViewControllers;
			sourceTree = "<group>";
		};
		D0C012341D319C7300488AE2 /* Cells */ = {
			isa = PBXGroup;
			children = (
				D0C012351D319C8C00488AE2 /* TeamCell.swift */,
				D0C012391D31B40800488AE2 /* RosterCell.swift */,
				D0C012921D355D7D00488AE2 /* PlayerCell.swift */,
				D0B5400F1D389A720012E4D0 /* MoveCell.swift */,
			);
			name = Cells;
			sourceTree = "<group>";
		};
		D0C0123D1D32B01C00488AE2 /* Swiftform */ = {
			isa = PBXGroup;
			children = (
				D0C0123E1D32B02E00488AE2 /* FormBaseCell.swift */,
				D0C0123F1D32B02E00488AE2 /* FormTitleCell.swift */,
				D0C012401D32B02E00488AE2 /* FormValueCell.swift */,
				D0C012411D32B02E00488AE2 /* FormButtonCell.swift */,
				D0C012421D32B02E00488AE2 /* FormCheckCell.swift */,
				D0C012431D32B02E00488AE2 /* FormDateCell.swift */,
				D0C012441D32B02E00488AE2 /* FormLabelCell.swift */,
				D0C012451D32B02E00488AE2 /* FormPickerCell.swift */,
				D0C012461D32B02E00488AE2 /* FormSegmentedControlCell.swift */,
				D0C012471D32B02E00488AE2 /* FormSelectorCell.swift */,
				D0C012481D32B02E00488AE2 /* FormSliderCell.swift */,
				D0C012491D32B02E00488AE2 /* FormStepperCell.swift */,
				D0C0124A1D32B02E00488AE2 /* FormSwitchCell.swift */,
				D0C0124B1D32B02E00488AE2 /* FormTextFieldCell.swift */,
				D0C0124C1D32B02E00488AE2 /* FormTextViewCell.swift */,
				D0C0125C1D32B03600488AE2 /* FormOptionsViewController.swift */,
				D0C0125D1D32B03600488AE2 /* FormSelector.swift */,
				D0C0125E1D32B03600488AE2 /* FormViewController.swift */,
				D0C012621D32B03F00488AE2 /* FormDescriptor.swift */,
				D0C012631D32B03F00488AE2 /* FormRowDescriptor.swift */,
				D0C012641D32B03F00488AE2 /* FormSectionDescriptor.swift */,
				D0C012651D32B03F00488AE2 /* FormErrorType.swift */,
				D0C0126A1D32B04500488AE2 /* SwiftForms.h */,
			);
			name = Swiftform;
			sourceTree = "<group>";
		};
		D0C0126D1D32EB6100488AE2 /* Frameworks */ = {
			isa = PBXGroup;
			children = (
				D0C012871D32EDE100488AE2 /* Realm.framework */,
				D0C012881D32EDE100488AE2 /* RealmSwift.framework */,
			);
			name = Frameworks;
			path = CoachPal;
			sourceTree = "<group>";
		};
/* End PBXGroup section */

/* Begin PBXNativeTarget section */
		D0C011E11D31900300488AE2 /* CoachPal */ = {
			isa = PBXNativeTarget;
			buildConfigurationList = D0C0120A1D31900300488AE2 /* Build configuration list for PBXNativeTarget "CoachPal" */;
			buildPhases = (
				D0C011DE1D31900300488AE2 /* Sources */,
				D0C011DF1D31900300488AE2 /* Frameworks */,
				D0C011E01D31900300488AE2 /* Resources */,
				D0C012861D32EDAD00488AE2 /* Embed Frameworks */,
				D0C0128D1D32EE7400488AE2 /* ShellScript */,
			);
			buildRules = (
			);
			dependencies = (
			);
			name = CoachPal;
			productName = CoachPal;
			productReference = D0C011E21D31900300488AE2 /* CoachPal.app */;
			productType = "com.apple.product-type.application";
		};
		D0C011F51D31900300488AE2 /* CoachPalTests */ = {
			isa = PBXNativeTarget;
			buildConfigurationList = D0C0120D1D31900300488AE2 /* Build configuration list for PBXNativeTarget "CoachPalTests" */;
			buildPhases = (
				D0C011F21D31900300488AE2 /* Sources */,
				D0C011F31D31900300488AE2 /* Frameworks */,
				D0C011F41D31900300488AE2 /* Resources */,
			);
			buildRules = (
			);
			dependencies = (
				D0C011F81D31900300488AE2 /* PBXTargetDependency */,
			);
			name = CoachPalTests;
			productName = CoachPalTests;
			productReference = D0C011F61D31900300488AE2 /* CoachPalTests.xctest */;
			productType = "com.apple.product-type.bundle.unit-test";
		};
		D0C012001D31900300488AE2 /* CoachPalUITests */ = {
			isa = PBXNativeTarget;
			buildConfigurationList = D0C012101D31900300488AE2 /* Build configuration list for PBXNativeTarget "CoachPalUITests" */;
			buildPhases = (
				D0C011FD1D31900300488AE2 /* Sources */,
				D0C011FE1D31900300488AE2 /* Frameworks */,
				D0C011FF1D31900300488AE2 /* Resources */,
			);
			buildRules = (
			);
			dependencies = (
				D0C012031D31900300488AE2 /* PBXTargetDependency */,
			);
			name = CoachPalUITests;
			productName = CoachPalUITests;
			productReference = D0C012011D31900300488AE2 /* CoachPalUITests.xctest */;
			productType = "com.apple.product-type.bundle.ui-testing";
		};
/* End PBXNativeTarget section */

/* Begin PBXProject section */
		D0C011DA1D31900300488AE2 /* Project object */ = {
			isa = PBXProject;
			attributes = {
				LastSwiftUpdateCheck = 0730;
				LastUpgradeCheck = 0730;
				ORGANIZATIONNAME = "Justin Matsnev";
				TargetAttributes = {
					D0C011E11D31900300488AE2 = {
						CreatedOnToolsVersion = 7.3.1;
					};
					D0C011F51D31900300488AE2 = {
						CreatedOnToolsVersion = 7.3.1;
						TestTargetID = D0C011E11D31900300488AE2;
					};
					D0C012001D31900300488AE2 = {
						CreatedOnToolsVersion = 7.3.1;
						TestTargetID = D0C011E11D31900300488AE2;
					};
				};
			};
			buildConfigurationList = D0C011DD1D31900300488AE2 /* Build configuration list for PBXProject "CoachPal" */;
			compatibilityVersion = "Xcode 3.2";
			developmentRegion = English;
			hasScannedForEncodings = 0;
			knownRegions = (
				en,
				Base,
			);
			mainGroup = D0C011D91D31900300488AE2;
			productRefGroup = D0C011E31D31900300488AE2 /* Products */;
			projectDirPath = "";
			projectRoot = "";
			targets = (
				D0C011E11D31900300488AE2 /* CoachPal */,
				D0C011F51D31900300488AE2 /* CoachPalTests */,
				D0C012001D31900300488AE2 /* CoachPalUITests */,
			);
		};
/* End PBXProject section */

/* Begin PBXResourcesBuildPhase section */
		D0C011E01D31900300488AE2 /* Resources */ = {
			isa = PBXResourcesBuildPhase;
			buildActionMask = 2147483647;
			files = (
				D0C011F01D31900300488AE2 /* LaunchScreen.storyboard in Resources */,
				D0C011ED1D31900300488AE2 /* Assets.xcassets in Resources */,
				D0C011EB1D31900300488AE2 /* Main.storyboard in Resources */,
				D0B540161D3CA29B0012E4D0 /* justin-013.jpg in Resources */,
			);
			runOnlyForDeploymentPostprocessing = 0;
		};
		D0C011F41D31900300488AE2 /* Resources */ = {
			isa = PBXResourcesBuildPhase;
			buildActionMask = 2147483647;
			files = (
			);
			runOnlyForDeploymentPostprocessing = 0;
		};
		D0C011FF1D31900300488AE2 /* Resources */ = {
			isa = PBXResourcesBuildPhase;
			buildActionMask = 2147483647;
			files = (
			);
			runOnlyForDeploymentPostprocessing = 0;
		};
/* End PBXResourcesBuildPhase section */

/* Begin PBXShellScriptBuildPhase section */
		D0C0128D1D32EE7400488AE2 /* ShellScript */ = {
			isa = PBXShellScriptBuildPhase;
			buildActionMask = 2147483647;
			files = (
			);
			inputPaths = (
			);
			outputPaths = (
			);
			runOnlyForDeploymentPostprocessing = 0;
			shellPath = /bin/sh;
			shellScript = "bash \"${BUILT_PRODUCTS_DIR}/${FRAMEWORKS_FOLDER_PATH}/Realm.framework/strip-frameworks.sh\"\n";
		};
/* End PBXShellScriptBuildPhase section */

/* Begin PBXSourcesBuildPhase section */
		D0C011DE1D31900300488AE2 /* Sources */ = {
			isa = PBXSourcesBuildPhase;
			buildActionMask = 2147483647;
			files = (
				D0C012171D3190EC00488AE2 /* Team.swift in Sources */,
				D0C0125F1D32B03600488AE2 /* FormOptionsViewController.swift in Sources */,
				D0C012661D32B03F00488AE2 /* FormDescriptor.swift in Sources */,
				D0C0125A1D32B02E00488AE2 /* FormTextFieldCell.swift in Sources */,
				D0C012541D32B02E00488AE2 /* FormPickerCell.swift in Sources */,
				D0C0124D1D32B02E00488AE2 /* FormBaseCell.swift in Sources */,
				D0C0125B1D32B02E00488AE2 /* FormTextViewCell.swift in Sources */,
				D0C012581D32B02E00488AE2 /* FormStepperCell.swift in Sources */,
				D0C011E81D31900300488AE2 /* TeamViewController.swift in Sources */,
				D0C012501D32B02E00488AE2 /* FormButtonCell.swift in Sources */,
				D0C0123A1D31B40800488AE2 /* RosterCell.swift in Sources */,
				D0C012571D32B02E00488AE2 /* FormSliderCell.swift in Sources */,
				D0C012561D32B02E00488AE2 /* FormSelectorCell.swift in Sources */,
				D0C0126C1D32D20F00488AE2 /* Data.swift in Sources */,
				D0C012671D32B03F00488AE2 /* FormRowDescriptor.swift in Sources */,
				D0C012691D32B03F00488AE2 /* FormErrorType.swift in Sources */,
				D0B540101D389A720012E4D0 /* MoveCell.swift in Sources */,
				D0C012611D32B03600488AE2 /* FormViewController.swift in Sources */,
				D0B540121D389DE00012E4D0 /* MovesViewController.swift in Sources */,
				D0C012511D32B02E00488AE2 /* FormCheckCell.swift in Sources */,
				D0D6E2E21D36A508001D95D8 /* TabBarViewController.swift in Sources */,
				D0C0124E1D32B02E00488AE2 /* FormTitleCell.swift in Sources */,
				D0C012361D319C8C00488AE2 /* TeamCell.swift in Sources */,
				D0C012911D355A2D00488AE2 /* PlayerViewController.swift in Sources */,
				D0C0124F1D32B02E00488AE2 /* FormValueCell.swift in Sources */,
				D0C012151D3190E300488AE2 /* Player.swift in Sources */,
				D0C012551D32B02E00488AE2 /* FormSegmentedControlCell.swift in Sources */,
				D0C011E61D31900300488AE2 /* AppDelegate.swift in Sources */,
				D0C012681D32B03F00488AE2 /* FormSectionDescriptor.swift in Sources */,
				D0C0128F1D342AE800488AE2 /* PlayerFormViewController.swift in Sources */,
				D0C012521D32B02E00488AE2 /* FormDateCell.swift in Sources */,
				D0C012591D32B02E00488AE2 /* FormSwitchCell.swift in Sources */,
				D0C012191D3190F600488AE2 /* Play.swift in Sources */,
				D0C012931D355D7D00488AE2 /* PlayerCell.swift in Sources */,
				D0C012531D32B02E00488AE2 /* FormLabelCell.swift in Sources */,
				D0C012381D31B0D700488AE2 /* RosterViewController.swift in Sources */,
				D0C012601D32B03600488AE2 /* FormSelector.swift in Sources */,
			);
			runOnlyForDeploymentPostprocessing = 0;
		};
		D0C011F21D31900300488AE2 /* Sources */ = {
			isa = PBXSourcesBuildPhase;
			buildActionMask = 2147483647;
			files = (
				D0C011FB1D31900300488AE2 /* CoachPalTests.swift in Sources */,
			);
			runOnlyForDeploymentPostprocessing = 0;
		};
		D0C011FD1D31900300488AE2 /* Sources */ = {
			isa = PBXSourcesBuildPhase;
			buildActionMask = 2147483647;
			files = (
				D0C012061D31900300488AE2 /* CoachPalUITests.swift in Sources */,
			);
			runOnlyForDeploymentPostprocessing = 0;
		};
/* End PBXSourcesBuildPhase section */

/* Begin PBXTargetDependency section */
		D0C011F81D31900300488AE2 /* PBXTargetDependency */ = {
			isa = PBXTargetDependency;
			target = D0C011E11D31900300488AE2 /* CoachPal */;
			targetProxy = D0C011F71D31900300488AE2 /* PBXContainerItemProxy */;
		};
		D0C012031D31900300488AE2 /* PBXTargetDependency */ = {
			isa = PBXTargetDependency;
			target = D0C011E11D31900300488AE2 /* CoachPal */;
			targetProxy = D0C012021D31900300488AE2 /* PBXContainerItemProxy */;
		};
/* End PBXTargetDependency section */

/* Begin PBXVariantGroup section */
		D0C011E91D31900300488AE2 /* Main.storyboard */ = {
			isa = PBXVariantGroup;
			children = (
				D0C011EA1D31900300488AE2 /* Base */,
			);
			name = Main.storyboard;
			sourceTree = "<group>";
		};
		D0C011EE1D31900300488AE2 /* LaunchScreen.storyboard */ = {
			isa = PBXVariantGroup;
			children = (
				D0C011EF1D31900300488AE2 /* Base */,
			);
			name = LaunchScreen.storyboard;
			sourceTree = "<group>";
		};
/* End PBXVariantGroup section */

/* Begin XCBuildConfiguration section */
		D0C012081D31900300488AE2 /* Debug */ = {
			isa = XCBuildConfiguration;
			buildSettings = {
				ALWAYS_SEARCH_USER_PATHS = NO;
				CLANG_ANALYZER_NONNULL = YES;
				CLANG_CXX_LANGUAGE_STANDARD = "gnu++0x";
				CLANG_CXX_LIBRARY = "libc++";
				CLANG_ENABLE_MODULES = YES;
				CLANG_ENABLE_OBJC_ARC = YES;
				CLANG_WARN_BOOL_CONVERSION = YES;
				CLANG_WARN_CONSTANT_CONVERSION = YES;
				CLANG_WARN_DIRECT_OBJC_ISA_USAGE = YES_ERROR;
				CLANG_WARN_EMPTY_BODY = YES;
				CLANG_WARN_ENUM_CONVERSION = YES;
				CLANG_WARN_INT_CONVERSION = YES;
				CLANG_WARN_OBJC_ROOT_CLASS = YES_ERROR;
				CLANG_WARN_UNREACHABLE_CODE = YES;
				CLANG_WARN__DUPLICATE_METHOD_MATCH = YES;
				"CODE_SIGN_IDENTITY[sdk=iphoneos*]" = "iPhone Developer";
				COPY_PHASE_STRIP = NO;
				DEBUG_INFORMATION_FORMAT = dwarf;
				ENABLE_STRICT_OBJC_MSGSEND = YES;
				ENABLE_TESTABILITY = YES;
				GCC_C_LANGUAGE_STANDARD = gnu99;
				GCC_DYNAMIC_NO_PIC = NO;
				GCC_NO_COMMON_BLOCKS = YES;
				GCC_OPTIMIZATION_LEVEL = 0;
				GCC_PREPROCESSOR_DEFINITIONS = (
					"DEBUG=1",
					"$(inherited)",
				);
				GCC_WARN_64_TO_32_BIT_CONVERSION = YES;
				GCC_WARN_ABOUT_RETURN_TYPE = YES_ERROR;
				GCC_WARN_UNDECLARED_SELECTOR = YES;
				GCC_WARN_UNINITIALIZED_AUTOS = YES_AGGRESSIVE;
				GCC_WARN_UNUSED_FUNCTION = YES;
				GCC_WARN_UNUSED_VARIABLE = YES;
				IPHONEOS_DEPLOYMENT_TARGET = 9.3;
				MTL_ENABLE_DEBUG_INFO = YES;
				ONLY_ACTIVE_ARCH = YES;
				SDKROOT = iphoneos;
				SWIFT_OPTIMIZATION_LEVEL = "-Onone";
				TARGETED_DEVICE_FAMILY = "1,2";
			};
			name = Debug;
		};
		D0C012091D31900300488AE2 /* Release */ = {
			isa = XCBuildConfiguration;
			buildSettings = {
				ALWAYS_SEARCH_USER_PATHS = NO;
				CLANG_ANALYZER_NONNULL = YES;
				CLANG_CXX_LANGUAGE_STANDARD = "gnu++0x";
				CLANG_CXX_LIBRARY = "libc++";
				CLANG_ENABLE_MODULES = YES;
				CLANG_ENABLE_OBJC_ARC = YES;
				CLANG_WARN_BOOL_CONVERSION = YES;
				CLANG_WARN_CONSTANT_CONVERSION = YES;
				CLANG_WARN_DIRECT_OBJC_ISA_USAGE = YES_ERROR;
				CLANG_WARN_EMPTY_BODY = YES;
				CLANG_WARN_ENUM_CONVERSION = YES;
				CLANG_WARN_INT_CONVERSION = YES;
				CLANG_WARN_OBJC_ROOT_CLASS = YES_ERROR;
				CLANG_WARN_UNREACHABLE_CODE = YES;
				CLANG_WARN__DUPLICATE_METHOD_MATCH = YES;
				"CODE_SIGN_IDENTITY[sdk=iphoneos*]" = "iPhone Developer";
				COPY_PHASE_STRIP = NO;
				DEBUG_INFORMATION_FORMAT = "dwarf-with-dsym";
				ENABLE_NS_ASSERTIONS = NO;
				ENABLE_STRICT_OBJC_MSGSEND = YES;
				GCC_C_LANGUAGE_STANDARD = gnu99;
				GCC_NO_COMMON_BLOCKS = YES;
				GCC_WARN_64_TO_32_BIT_CONVERSION = YES;
				GCC_WARN_ABOUT_RETURN_TYPE = YES_ERROR;
				GCC_WARN_UNDECLARED_SELECTOR = YES;
				GCC_WARN_UNINITIALIZED_AUTOS = YES_AGGRESSIVE;
				GCC_WARN_UNUSED_FUNCTION = YES;
				GCC_WARN_UNUSED_VARIABLE = YES;
				IPHONEOS_DEPLOYMENT_TARGET = 9.3;
				MTL_ENABLE_DEBUG_INFO = NO;
				SDKROOT = iphoneos;
				TARGETED_DEVICE_FAMILY = "1,2";
				VALIDATE_PRODUCT = YES;
			};
			name = Release;
		};
		D0C0120B1D31900300488AE2 /* Debug */ = {
			isa = XCBuildConfiguration;
			buildSettings = {
				ASSETCATALOG_COMPILER_APPICON_NAME = AppIcon;
				FRAMEWORK_SEARCH_PATHS = (
					"$(inherited)",
					"$(PROJECT_DIR)/CoachPal/RealmSwift.framework",
					"$(PROJECT_DIR)/CoachPal",
				);
				INFOPLIST_FILE = CoachPal/Info.plist;
				LD_RUNPATH_SEARCH_PATHS = "$(inherited) @executable_path/Frameworks";
				PRODUCT_BUNDLE_IDENTIFIER = com.justinmatsnev.CoachPal;
				PRODUCT_NAME = "$(TARGET_NAME)";
			};
			name = Debug;
		};
		D0C0120C1D31900300488AE2 /* Release */ = {
			isa = XCBuildConfiguration;
			buildSettings = {
				ASSETCATALOG_COMPILER_APPICON_NAME = AppIcon;
				FRAMEWORK_SEARCH_PATHS = (
					"$(inherited)",
					"$(PROJECT_DIR)/CoachPal/RealmSwift.framework",
					"$(PROJECT_DIR)/CoachPal",
				);
				INFOPLIST_FILE = CoachPal/Info.plist;
				LD_RUNPATH_SEARCH_PATHS = "$(inherited) @executable_path/Frameworks";
				PRODUCT_BUNDLE_IDENTIFIER = com.justinmatsnev.CoachPal;
				PRODUCT_NAME = "$(TARGET_NAME)";
			};
			name = Release;
		};
		D0C0120E1D31900300488AE2 /* Debug */ = {
			isa = XCBuildConfiguration;
			buildSettings = {
				BUNDLE_LOADER = "$(TEST_HOST)";
				INFOPLIST_FILE = CoachPalTests/Info.plist;
				LD_RUNPATH_SEARCH_PATHS = "$(inherited) @executable_path/Frameworks @loader_path/Frameworks";
				PRODUCT_BUNDLE_IDENTIFIER = com.justinmatsnev.CoachPalTests;
				PRODUCT_NAME = "$(TARGET_NAME)";
				TEST_HOST = "$(BUILT_PRODUCTS_DIR)/CoachPal.app/CoachPal";
			};
			name = Debug;
		};
		D0C0120F1D31900300488AE2 /* Release */ = {
			isa = XCBuildConfiguration;
			buildSettings = {
				BUNDLE_LOADER = "$(TEST_HOST)";
				INFOPLIST_FILE = CoachPalTests/Info.plist;
				LD_RUNPATH_SEARCH_PATHS = "$(inherited) @executable_path/Frameworks @loader_path/Frameworks";
				PRODUCT_BUNDLE_IDENTIFIER = com.justinmatsnev.CoachPalTests;
				PRODUCT_NAME = "$(TARGET_NAME)";
				TEST_HOST = "$(BUILT_PRODUCTS_DIR)/CoachPal.app/CoachPal";
			};
			name = Release;
		};
		D0C012111D31900300488AE2 /* Debug */ = {
			isa = XCBuildConfiguration;
			buildSettings = {
				INFOPLIST_FILE = CoachPalUITests/Info.plist;
				LD_RUNPATH_SEARCH_PATHS = "$(inherited) @executable_path/Frameworks @loader_path/Frameworks";
				PRODUCT_BUNDLE_IDENTIFIER = com.justinmatsnev.CoachPalUITests;
				PRODUCT_NAME = "$(TARGET_NAME)";
				TEST_TARGET_NAME = CoachPal;
			};
			name = Debug;
		};
		D0C012121D31900300488AE2 /* Release */ = {
			isa = XCBuildConfiguration;
			buildSettings = {
				INFOPLIST_FILE = CoachPalUITests/Info.plist;
				LD_RUNPATH_SEARCH_PATHS = "$(inherited) @executable_path/Frameworks @loader_path/Frameworks";
				PRODUCT_BUNDLE_IDENTIFIER = com.justinmatsnev.CoachPalUITests;
				PRODUCT_NAME = "$(TARGET_NAME)";
				TEST_TARGET_NAME = CoachPal;
			};
			name = Release;
		};
/* End XCBuildConfiguration section */

/* Begin XCConfigurationList section */
		D0C011DD1D31900300488AE2 /* Build configuration list for PBXProject "CoachPal" */ = {
			isa = XCConfigurationList;
			buildConfigurations = (
				D0C012081D31900300488AE2 /* Debug */,
				D0C012091D31900300488AE2 /* Release */,
			);
			defaultConfigurationIsVisible = 0;
			defaultConfigurationName = Release;
		};
		D0C0120A1D31900300488AE2 /* Build configuration list for PBXNativeTarget "CoachPal" */ = {
			isa = XCConfigurationList;
			buildConfigurations = (
				D0C0120B1D31900300488AE2 /* Debug */,
				D0C0120C1D31900300488AE2 /* Release */,
			);
			defaultConfigurationIsVisible = 0;
			defaultConfigurationName = Release;
		};
		D0C0120D1D31900300488AE2 /* Build configuration list for PBXNativeTarget "CoachPalTests" */ = {
			isa = XCConfigurationList;
			buildConfigurations = (
				D0C0120E1D31900300488AE2 /* Debug */,
				D0C0120F1D31900300488AE2 /* Release */,
			);
			defaultConfigurationIsVisible = 0;
			defaultConfigurationName = Release;
		};
		D0C012101D31900300488AE2 /* Build configuration list for PBXNativeTarget "CoachPalUITests" */ = {
			isa = XCConfigurationList;
			buildConfigurations = (
				D0C012111D31900300488AE2 /* Debug */,
				D0C012121D31900300488AE2 /* Release */,
			);
			defaultConfigurationIsVisible = 0;
			defaultConfigurationName = Release;
		};
/* End XCConfigurationList section */
	};
	rootObject = D0C011DA1D31900300488AE2 /* Project object */;
}
